{
  "object": {
    "pins": [
      {
        "package": "Ambassador",
        "repositoryURL": "https://github.com/Envoy/Ambassador",
        "state": {
          "branch": null,
          "revision": "447cf56f692999153bd261b1775ea4a58f7f7be9",
          "version": "4.0.5"
        }
      },
      {
        "package": "Embassy",
        "repositoryURL": "https://github.com/envoy/Embassy.git",
        "state": {
          "branch": null,
          "revision": "189436100c00efbf5fb2653fe7972a9371db0a91",
          "version": "4.1.1"
        }
      },
      {
        "package": "LineNoise",
        "repositoryURL": "https://github.com/tlk/linenoise-swift",
        "state": {
          "branch": null,
          "revision": "cbf0a35c6e159e4fe6a03f76c8a17ef08e907b0e",
          "version": "0.0.4"
        }
      },
      {
        "package": "Nimble",
        "repositoryURL": "https://github.com/Quick/Nimble.git",
        "state": {
          "branch": null,
          "revision": "e9d769113660769a4d9dd3afb855562c0b7ae7b0",
          "version": "7.3.4"
        }
      },
      {
        "package": "SwiftyJSON",
        "repositoryURL": "https://github.com/IBM-Swift/SwiftyJSON",
        "state": {
          "branch": null,
          "revision": "f9b4754017cfad4701f0838b2e507b442eaca70a",
          "version": "17.0.5"
        }
      }
    ]
  },
  "version": 1
}
